
Microsoft Visual Studio Solution File, Format Version 12.00
# Visual Studio Version 16
VisualStudioVersion = 16.0.28803.202
MinimumVisualStudioVersion = 10.0.40219.1
Project("{FAE04EC0-301F-11D3-BF4B-00C04F79EFBC}") = "VstsProjectDocumenter", "VstsProjectDocumenter\VstsProjectDocumenter.csproj", "{52DAF982-4B44-4EB9-BBC4-2B8365D8ECEF}"
EndProject
Global
	GlobalSection(SolutionConfigurationPlatforms) = preSolution
		Debug|Any CPU = Debug|Any CPU
		Release|Any CPU = Release|Any CPU
	EndGlobalSection
	GlobalSection(ProjectConfigurationPlatforms) = postSolution
		{52DAF982-4B44-4EB9-BBC4-2B8365D8ECEF}.Debug|Any CPU.ActiveCfg = Debug|Any CPU
		{52DAF982-4B44-4EB9-BBC4-2B8365D8ECEF}.Debug|Any CPU.Build.0 = Debug|Any CPU
		{52DAF982-4B44-4EB9-BBC4-2B8365D8ECEF}.Release|Any CPU.ActiveCfg = Release|Any CPU
		{52DAF982-4B44-4EB9-BBC4-2B8365D8ECEF}.Release|Any CPU.Build.0 = Release|Any CPU
	EndGlobalSection
	GlobalSection(SolutionProperties) = preSolution
		HideSolutionNode = FALSE
	EndGlobalSection
	GlobalSection(ExtensibilityGlobals) = postSolution
		SolutionGuid = {FCBA65D4-995E-4CF2-970D-F8CC806DFBA0}
	EndGlobalSection
EndGlobal
